
Microsoft Visual Studio Solution File, Format Version 12.00
# Visual Studio 15
VisualStudioVersion = 15.0.28010.2016
MinimumVisualStudioVersion = 10.0.40219.1
Project("{9A19103F-16F7-4668-BE54-9A1E7A4F7556}") = "demoWebApp", "sample\demoWebApp\demoWebApp.csproj", "{BAC32D69-1D9D-4A00-9C27-E5F8112EB7F6}"
	ProjectSection(ProjectDependencies) = postProject
		{E981251F-4F2B-4631-8054-8E1CEC528756} = {E981251F-4F2B-4631-8054-8E1CEC528756}
		{FB69869B-A648-4FC8-BDE2-2CAC8D4B797C} = {FB69869B-A648-4FC8-BDE2-2CAC8D4B797C}
	EndProjectSection
EndProject
Project("{9A19103F-16F7-4668-BE54-9A1E7A4F7556}") = "MagenicMetrics", "src\MagenicMetrics\MagenicMetrics.csproj", "{F8BD1D1B-53C3-4076-94B7-FE27AB31C382}"
EndProject
Project("{9A19103F-16F7-4668-BE54-9A1E7A4F7556}") = "demoWebApi", "sample\demoWebApi\demoWebApi.csproj", "{FB69869B-A648-4FC8-BDE2-2CAC8D4B797C}"
EndProject
Project("{9A19103F-16F7-4668-BE54-9A1E7A4F7556}") = "MagenicMetrics.Tests", "test\MagenicMetrics.Tests\MagenicMetrics.Tests.csproj", "{F5BAE1DB-6392-4779-82CC-1258C98320AD}"
EndProject
Project("{9A19103F-16F7-4668-BE54-9A1E7A4F7556}") = "demoMigrations", "migrations\demoMigrations\demoMigrations.csproj", "{29B0ED5D-DEAC-4C02-81FE-03506CF44E16}"
EndProject
Project("{9A19103F-16F7-4668-BE54-9A1E7A4F7556}") = "IdentityServer", "sample\IdentityServer\IdentityServer.csproj", "{E981251F-4F2B-4631-8054-8E1CEC528756}"
	ProjectSection(ProjectDependencies) = postProject
		{29B0ED5D-DEAC-4C02-81FE-03506CF44E16} = {29B0ED5D-DEAC-4C02-81FE-03506CF44E16}
	EndProjectSection
EndProject
Project("{2150E333-8FDC-42A3-9474-1A3956D46DE8}") = "Solution Items", "Solution Items", "{2782A2C8-7B01-46C8-8556-8819100699FD}"
	ProjectSection(SolutionItems) = preProject
		.editorconfig = .editorconfig
		ReadMe.md = ReadMe.md
		UnusedCode.ruleset = UnusedCode.ruleset
	EndProjectSection
EndProject
Project("{2150E333-8FDC-42A3-9474-1A3956D46DE8}") = "Documentation", "Documentation", "{22804807-97D4-4846-B265-6811E04C2851}"
	ProjectSection(SolutionItems) = preProject
		Documentation\Database.md = Documentation\Database.md
		documentation\demoWebApi.md = documentation\demoWebApi.md
		documentation\demoWebApp.md = documentation\demoWebApp.md
		documentation\MagenicMetrics.md = documentation\MagenicMetrics.md
		documentation\Metric.md = documentation\Metric.md
		documentation\MetricBaseController.md = documentation\MetricBaseController.md
		Documentation\MetricDetails.md = Documentation\MetricDetails.md
		documentation\MetricMiddleware.md = documentation\MetricMiddleware.md
		documentation\MetricService.md = documentation\MetricService.md
	EndProjectSection
EndProject
Project("{FAE04EC0-301F-11D3-BF4B-00C04F79EFBC}") = "demoWebReact", "demoWebReact\demoWebReact.csproj", "{30C10EA4-2A7F-4FDE-81CC-6034C6EFF02F}"
EndProject
Global
	GlobalSection(SolutionConfigurationPlatforms) = preSolution
		Debug|Any CPU = Debug|Any CPU
		Release|Any CPU = Release|Any CPU
	EndGlobalSection
	GlobalSection(ProjectConfigurationPlatforms) = postSolution
		{BAC32D69-1D9D-4A00-9C27-E5F8112EB7F6}.Debug|Any CPU.ActiveCfg = Debug|Any CPU
		{BAC32D69-1D9D-4A00-9C27-E5F8112EB7F6}.Debug|Any CPU.Build.0 = Debug|Any CPU
		{BAC32D69-1D9D-4A00-9C27-E5F8112EB7F6}.Release|Any CPU.ActiveCfg = Release|Any CPU
		{BAC32D69-1D9D-4A00-9C27-E5F8112EB7F6}.Release|Any CPU.Build.0 = Release|Any CPU
		{F8BD1D1B-53C3-4076-94B7-FE27AB31C382}.Debug|Any CPU.ActiveCfg = Debug|Any CPU
		{F8BD1D1B-53C3-4076-94B7-FE27AB31C382}.Debug|Any CPU.Build.0 = Debug|Any CPU
		{F8BD1D1B-53C3-4076-94B7-FE27AB31C382}.Release|Any CPU.ActiveCfg = Release|Any CPU
		{F8BD1D1B-53C3-4076-94B7-FE27AB31C382}.Release|Any CPU.Build.0 = Release|Any CPU
		{FB69869B-A648-4FC8-BDE2-2CAC8D4B797C}.Debug|Any CPU.ActiveCfg = Debug|Any CPU
		{FB69869B-A648-4FC8-BDE2-2CAC8D4B797C}.Debug|Any CPU.Build.0 = Debug|Any CPU
		{FB69869B-A648-4FC8-BDE2-2CAC8D4B797C}.Release|Any CPU.ActiveCfg = Release|Any CPU
		{FB69869B-A648-4FC8-BDE2-2CAC8D4B797C}.Release|Any CPU.Build.0 = Release|Any CPU
		{F5BAE1DB-6392-4779-82CC-1258C98320AD}.Debug|Any CPU.ActiveCfg = Debug|Any CPU
		{F5BAE1DB-6392-4779-82CC-1258C98320AD}.Debug|Any CPU.Build.0 = Debug|Any CPU
		{F5BAE1DB-6392-4779-82CC-1258C98320AD}.Release|Any CPU.ActiveCfg = Release|Any CPU
		{F5BAE1DB-6392-4779-82CC-1258C98320AD}.Release|Any CPU.Build.0 = Release|Any CPU
		{29B0ED5D-DEAC-4C02-81FE-03506CF44E16}.Debug|Any CPU.ActiveCfg = Debug|Any CPU
		{29B0ED5D-DEAC-4C02-81FE-03506CF44E16}.Debug|Any CPU.Build.0 = Debug|Any CPU
		{29B0ED5D-DEAC-4C02-81FE-03506CF44E16}.Release|Any CPU.ActiveCfg = Release|Any CPU
		{29B0ED5D-DEAC-4C02-81FE-03506CF44E16}.Release|Any CPU.Build.0 = Release|Any CPU
		{E981251F-4F2B-4631-8054-8E1CEC528756}.Debug|Any CPU.ActiveCfg = Debug|Any CPU
		{E981251F-4F2B-4631-8054-8E1CEC528756}.Debug|Any CPU.Build.0 = Debug|Any CPU
		{E981251F-4F2B-4631-8054-8E1CEC528756}.Release|Any CPU.ActiveCfg = Release|Any CPU
		{E981251F-4F2B-4631-8054-8E1CEC528756}.Release|Any CPU.Build.0 = Release|Any CPU
		{30C10EA4-2A7F-4FDE-81CC-6034C6EFF02F}.Debug|Any CPU.ActiveCfg = Debug|Any CPU
		{30C10EA4-2A7F-4FDE-81CC-6034C6EFF02F}.Debug|Any CPU.Build.0 = Debug|Any CPU
		{30C10EA4-2A7F-4FDE-81CC-6034C6EFF02F}.Release|Any CPU.ActiveCfg = Release|Any CPU
		{30C10EA4-2A7F-4FDE-81CC-6034C6EFF02F}.Release|Any CPU.Build.0 = Release|Any CPU
	EndGlobalSection
	GlobalSection(SolutionProperties) = preSolution
		HideSolutionNode = FALSE
	EndGlobalSection
	GlobalSection(NestedProjects) = preSolution
		{22804807-97D4-4846-B265-6811E04C2851} = {2782A2C8-7B01-46C8-8556-8819100699FD}
	EndGlobalSection
	GlobalSection(ExtensibilityGlobals) = postSolution
		SolutionGuid = {A2F89AE9-8569-4779-81FD-993A5A2410D6}
	EndGlobalSection
EndGlobal
