{
  "requires": true,
  "lockfileVersion": 1,
  "dependencies": {
    "@babel/runtime-corejs2": {
      "version": "7.1.2",
      "resolved": "https://registry.npmjs.org/@babel/runtime-corejs2/-/runtime-corejs2-7.1.2.tgz",
      "integrity": "sha512-drxaPByExlcRDKW4ZLubUO4ZkI8/8ax9k9wve1aEthdLKFzjB7XRkOQ0xoTIWGxqdDnWDElkjYq77bt7yrcYJQ==",
      "requires": {
        "core-js": "^2.5.7",
        "regenerator-runtime": "^0.12.0"
      }
    },
    "@types/history": {
      "version": "4.7.2",
      "resolved": "https://registry.npmjs.org/@types/history/-/history-4.7.2.tgz",
      "integrity": "sha512-ui3WwXmjTaY73fOQ3/m3nnajU/Orhi6cEu5rzX+BrAAJxa3eITXZ5ch9suPqtM03OWhAHhPSyBGCN4UKoxO20Q=="
    },
    "@types/node": {
      "version": "10.12.1",
      "resolved": "https://registry.npmjs.org/@types/node/-/node-10.12.1.tgz",
      "integrity": "sha512-i1sl+WCX2OCHeUi9oi7PiCNUtYFrpWhpcx878vpeq/tlZTKzcFdHePlyFHVbWqeuKN0SRPl/9ZFDSTsfv9h7VQ=="
    },
    "@types/prop-types": {
      "version": "15.5.6",
      "resolved": "https://registry.npmjs.org/@types/prop-types/-/prop-types-15.5.6.tgz",
      "integrity": "sha512-ZBFR7TROLVzCkswA3Fmqq+IIJt62/T7aY/Dmz+QkU7CaW2QFqAitCE8Ups7IzmGhcN1YWMBT4Qcoc07jU9hOJQ=="
    },
    "@types/react": {
      "version": "16.4.18",
      "resolved": "https://registry.npmjs.org/@types/react/-/react-16.4.18.tgz",
      "integrity": "sha512-eFzJKEg6pdeaukVLVZ8Xb79CTl/ysX+ExmOfAAqcFlCCK5TgFDD9kWR0S18sglQ3EmM8U+80enjUqbfnUyqpdA==",
      "requires": {
        "@types/prop-types": "*",
        "csstype": "^2.2.0"
      }
    },
    "@types/react-bootstrap": {
      "version": "0.32.14",
      "resolved": "https://registry.npmjs.org/@types/react-bootstrap/-/react-bootstrap-0.32.14.tgz",
      "integrity": "sha512-RSLrc4ghwU6NS16BijwLXaudYSNE3C9dLe0XjQ1oqILddFbHuZrpYiRW0hs1whiCFeLDjVZ189/OpgO7wnltMg==",
      "requires": {
        "@types/react": "*"
      }
    },
    "@types/react-dom": {
      "version": "16.0.9",
      "resolved": "https://registry.npmjs.org/@types/react-dom/-/react-dom-16.0.9.tgz",
      "integrity": "sha512-4Z0bW+75zeQgsEg7RaNuS1k9MKhci7oQqZXxrV5KUGIyXZHHAAL3KA4rjhdH8o6foZ5xsRMSqkoM5A3yRVPR5w==",
      "requires": {
        "@types/node": "*",
        "@types/react": "*"
      }
    },
    "@types/react-hot-loader": {
      "version": "4.1.0",
      "resolved": "https://registry.npmjs.org/@types/react-hot-loader/-/react-hot-loader-4.1.0.tgz",
      "integrity": "sha512-N/+Ua6kSrehJ5vpu4b2tAG4NjMcXQPlStnkUzjNlPokae97sUDtj096WlgN3ApefCvggPjJPP5iutyZ5dKBNPQ==",
      "requires": {
        "@types/node": "*",
        "@types/react": "*"
      }
    },
    "@types/react-redux": {
      "version": "6.0.9",
      "resolved": "https://registry.npmjs.org/@types/react-redux/-/react-redux-6.0.9.tgz",
      "integrity": "sha512-LatgnnZ7bG63SmzEqGMjAIP1bN36iaXpb4G7UW3SqpHyo+OQ97MnMXm9BoNi720r61+PvseyIUJN4el4GVhAAg==",
      "requires": {
        "@types/react": "*",
        "redux": "^4.0.0"
      }
    },
    "@types/react-router": {
      "version": "4.0.32",
      "resolved": "https://registry.npmjs.org/@types/react-router/-/react-router-4.0.32.tgz",
      "integrity": "sha512-VLQSifCIKCTpfMFrJN/nO5a45LduB6qSMkO9ASbcGdCHiDwJnrLNzk91Q895yG0qWY7RqT2jR16giBRpRG1HQw==",
      "requires": {
        "@types/history": "*",
        "@types/react": "*"
      }
    },
    "@types/react-router-dom": {
      "version": "4.3.1",
      "resolved": "https://registry.npmjs.org/@types/react-router-dom/-/react-router-dom-4.3.1.tgz",
      "integrity": "sha512-GbztJAScOmQ/7RsQfO4cd55RuH1W4g6V1gDW3j4riLlt+8yxYLqqsiMzmyuXBLzdFmDtX/uU2Bpcm0cmudv44A==",
      "requires": {
        "@types/history": "*",
        "@types/react": "*",
        "@types/react-router": "*"
      }
    },
    "@types/react-router-redux": {
      "version": "5.0.16",
      "resolved": "https://registry.npmjs.org/@types/react-router-redux/-/react-router-redux-5.0.16.tgz",
      "integrity": "sha512-EWJMP4/GtUG79uxYUOGvR50X5vtZVOptk14ebWN9WuBSqbWWzJDj5ClPPvUi80Qq/HruhC0O5Wl1OqpT9IQBeQ==",
      "requires": {
        "@types/history": "*",
        "@types/react": "*",
        "@types/react-router": "*",
        "redux": ">= 3.7.2"
      }
    },
    "@types/redux": {
      "version": "3.6.0",
      "resolved": "https://registry.npmjs.org/@types/redux/-/redux-3.6.0.tgz",
      "integrity": "sha1-8evh5UEVGAcuT9/KXHbhbnTBOZo=",
      "requires": {
        "redux": "*"
      }
    },
    "@types/redux-devtools-extension": {
      "version": "2.13.2",
      "resolved": "https://registry.npmjs.org/@types/redux-devtools-extension/-/redux-devtools-extension-2.13.2.tgz",
      "integrity": "sha1-suCajBY7Kw9QcualrEFHQADfIRE=",
      "dev": true,
      "requires": {
        "redux-devtools-extension": "*"
      }
    },
    "aspnet-webpack": {
      "version": "3.0.0",
      "resolved": "https://registry.npmjs.org/aspnet-webpack/-/aspnet-webpack-3.0.0.tgz",
      "integrity": "sha512-umUYjAoWkszsH3GmN6BN9CR9QluhUBx/FH1bn72mC6/VcgeoC1uzlw/J2fi+HyiIuSQHfzNd1rx57GBc7hNqZg==",
      "requires": {
        "connect": "^3.4.1",
        "es6-promise": "^3.1.2",
        "memory-fs": "^0.3.0",
        "require-from-string": "^1.1.0",
        "webpack-node-externals": "^1.4.3"
      }
    },
    "bootstrap": {
      "version": "4.1.3",
      "resolved": "https://registry.npmjs.org/bootstrap/-/bootstrap-4.1.3.tgz",
      "integrity": "sha512-rDFIzgXcof0jDyjNosjv4Sno77X4KuPeFxG2XZZv1/Kc8DRVGVADdoQyyOVDwPqL36DDmtCQbrpMCqvpPLJQ0w=="
    },
    "classnames": {
      "version": "2.2.6",
      "resolved": "https://registry.npmjs.org/classnames/-/classnames-2.2.6.tgz",
      "integrity": "sha512-JR/iSQOSt+LQIWwrwEzJ9uk0xfN3mTVYMwt1Ir5mUcSN6pU+V4zQFFaJsclJbPuAUQH+yfWef6tm7l1quW3C8Q=="
    },
    "connect": {
      "version": "3.6.6",
      "resolved": "https://registry.npmjs.org/connect/-/connect-3.6.6.tgz",
      "integrity": "sha1-Ce/2xVr3I24TcTWnJXSFi2eG9SQ=",
      "requires": {
        "debug": "2.6.9",
        "finalhandler": "1.1.0",
        "parseurl": "~1.3.2",
        "utils-merge": "1.0.1"
      }
    },
    "core-js": {
      "version": "2.5.7",
      "resolved": "https://registry.npmjs.org/core-js/-/core-js-2.5.7.tgz",
      "integrity": "sha512-RszJCAxg/PP6uzXVXL6BsxSXx/B05oJAQ2vkJRjyjrEcNVycaqOmNb5OTxZPE3xa5gwZduqza6L9JOCenh/Ecw=="
    },
    "core-util-is": {
      "version": "1.0.2",
      "resolved": "https://registry.npmjs.org/core-util-is/-/core-util-is-1.0.2.tgz",
      "integrity": "sha1-tf1UIgqivFq1eqtxQMlAdUUDwac="
    },
    "csstype": {
      "version": "2.5.7",
      "resolved": "https://registry.npmjs.org/csstype/-/csstype-2.5.7.tgz",
      "integrity": "sha512-Nt5VDyOTIIV4/nRFswoCKps1R5CD1hkiyjBE9/thNaNZILLEviVw9yWQw15+O+CpNjQKB/uvdcxFFOrSflY3Yw=="
    },
    "debug": {
      "version": "2.6.9",
      "resolved": "https://registry.npmjs.org/debug/-/debug-2.6.9.tgz",
      "integrity": "sha512-bC7ElrdJaJnPbAP+1EotYvqZsb3ecl5wi6Bfi6BJTUcNowp6cvspg0jXznRTKDjm/E7AdgFBVeAPVMNcKGsHMA==",
      "requires": {
        "ms": "2.0.0"
      }
    },
    "dom-helpers": {
      "version": "3.3.1",
      "resolved": "https://registry.npmjs.org/dom-helpers/-/dom-helpers-3.3.1.tgz",
      "integrity": "sha512-2Sm+JaYn74OiTM2wHvxJOo3roiq/h25Yi69Fqk269cNUwIXsCvATB6CRSFC9Am/20G2b28hGv/+7NiWydIrPvg=="
    },
    "ee-first": {
      "version": "1.1.1",
      "resolved": "https://registry.npmjs.org/ee-first/-/ee-first-1.1.1.tgz",
      "integrity": "sha1-WQxhFWsK4vTwJVcyoViyZrxWsh0="
    },
    "encodeurl": {
      "version": "1.0.2",
      "resolved": "https://registry.npmjs.org/encodeurl/-/encodeurl-1.0.2.tgz",
      "integrity": "sha1-rT/0yG7C0CkyL1oCw6mmBslbP1k="
    },
    "errno": {
      "version": "0.1.7",
      "resolved": "https://registry.npmjs.org/errno/-/errno-0.1.7.tgz",
      "integrity": "sha512-MfrRBDWzIWifgq6tJj60gkAwtLNb6sQPlcFrSOflcP1aFmmruKQ2wRnze/8V6kgyz7H3FF8Npzv78mZ7XLLflg==",
      "requires": {
        "prr": "~1.0.1"
      }
    },
    "es6-promise": {
      "version": "3.3.1",
      "resolved": "http://registry.npmjs.org/es6-promise/-/es6-promise-3.3.1.tgz",
      "integrity": "sha1-oIzd6EzNvzTQJ6FFG8kdS80ophM="
    },
    "escape-html": {
      "version": "1.0.3",
      "resolved": "https://registry.npmjs.org/escape-html/-/escape-html-1.0.3.tgz",
      "integrity": "sha1-Aljq5NPQwJdN4cFpGI7wBR0dGYg="
    },
    "finalhandler": {
      "version": "1.1.0",
      "resolved": "https://registry.npmjs.org/finalhandler/-/finalhandler-1.1.0.tgz",
      "integrity": "sha1-zgtoVbRYU+eRsvzGgARtiCU91/U=",
      "requires": {
        "debug": "2.6.9",
        "encodeurl": "~1.0.1",
        "escape-html": "~1.0.3",
        "on-finished": "~2.3.0",
        "parseurl": "~1.3.2",
        "statuses": "~1.3.1",
        "unpipe": "~1.0.0"
      }
    },
    "inherits": {
      "version": "2.0.3",
      "resolved": "https://registry.npmjs.org/inherits/-/inherits-2.0.3.tgz",
      "integrity": "sha1-Yzwsg+PaQqUC9SRmAiSA9CCCYd4="
    },
    "invariant": {
      "version": "2.2.4",
      "resolved": "https://registry.npmjs.org/invariant/-/invariant-2.2.4.tgz",
      "integrity": "sha512-phJfQVBuaJM5raOpJjSfkiD6BpbCE4Ns//LaXl6wGYtUBY83nWS6Rf9tXm2e8VaK60JEjYldbPif/A2B1C2gNA==",
      "requires": {
        "loose-envify": "^1.0.0"
      }
    },
    "isarray": {
      "version": "1.0.0",
      "resolved": "https://registry.npmjs.org/isarray/-/isarray-1.0.0.tgz",
      "integrity": "sha1-u5NdSFgsuhaMBoNJV6VKPgcSTxE="
    },
    "js-tokens": {
      "version": "4.0.0",
      "resolved": "https://registry.npmjs.org/js-tokens/-/js-tokens-4.0.0.tgz",
      "integrity": "sha512-RdJUflcE3cUzKiMqQgsCu06FPu9UdIJO0beYbPhHN4k6apgJtifcoCtT9bcxOpYBtpD2kCM6Sbzg4CausW/PKQ=="
    },
    "keycode": {
      "version": "2.2.0",
      "resolved": "https://registry.npmjs.org/keycode/-/keycode-2.2.0.tgz",
      "integrity": "sha1-PQr1bce4uOXLqNCpfxByBO7CKwQ="
    },
    "loose-envify": {
      "version": "1.4.0",
      "resolved": "https://registry.npmjs.org/loose-envify/-/loose-envify-1.4.0.tgz",
      "integrity": "sha512-lyuxPGr/Wfhrlem2CL/UcnUc1zcqKAImBDzukY7Y5F/yQiNdko6+fRLevlw1HgMySw7f611UIY408EtxRSoK3Q==",
      "requires": {
        "js-tokens": "^3.0.0 || ^4.0.0"
      }
    },
    "memory-fs": {
      "version": "0.3.0",
      "resolved": "https://registry.npmjs.org/memory-fs/-/memory-fs-0.3.0.tgz",
      "integrity": "sha1-e8xrYp46Q+hx1+Kaymrop/FcuyA=",
      "requires": {
        "errno": "^0.1.3",
        "readable-stream": "^2.0.1"
      }
    },
    "ms": {
      "version": "2.0.0",
      "resolved": "https://registry.npmjs.org/ms/-/ms-2.0.0.tgz",
      "integrity": "sha1-VgiurfwAvmwpAd9fmGF4jeDVl8g="
    },
    "object-assign": {
      "version": "4.1.1",
      "resolved": "https://registry.npmjs.org/object-assign/-/object-assign-4.1.1.tgz",
      "integrity": "sha1-IQmtx5ZYh8/AXLvUQsrIv7s2CGM="
    },
    "on-finished": {
      "version": "2.3.0",
      "resolved": "https://registry.npmjs.org/on-finished/-/on-finished-2.3.0.tgz",
      "integrity": "sha1-IPEzZIGwg811M3mSoWlxqi2QaUc=",
      "requires": {
        "ee-first": "1.1.1"
      }
    },
    "parseurl": {
      "version": "1.3.2",
      "resolved": "https://registry.npmjs.org/parseurl/-/parseurl-1.3.2.tgz",
      "integrity": "sha1-/CidTtiZMRlGDBViUyYs3I3mW/M="
    },
    "process-nextick-args": {
      "version": "2.0.0",
      "resolved": "https://registry.npmjs.org/process-nextick-args/-/process-nextick-args-2.0.0.tgz",
      "integrity": "sha512-MtEC1TqN0EU5nephaJ4rAtThHtC86dNN9qCuEhtshvpVBkAW5ZO7BASN9REnF9eoXGcRub+pFuKEpOHE+HbEMw=="
    },
    "prop-types": {
      "version": "15.6.2",
      "resolved": "https://registry.npmjs.org/prop-types/-/prop-types-15.6.2.tgz",
      "integrity": "sha512-3pboPvLiWD7dkI3qf3KbUe6hKFKa52w+AE0VCqECtf+QHAKgOL37tTaNCnuX1nAAQ4ZhyP+kYVKf8rLmJ/feDQ==",
      "requires": {
        "loose-envify": "^1.3.1",
        "object-assign": "^4.1.1"
      }
    },
    "prop-types-extra": {
      "version": "1.1.0",
      "resolved": "https://registry.npmjs.org/prop-types-extra/-/prop-types-extra-1.1.0.tgz",
      "integrity": "sha512-QFyuDxvMipmIVKD2TwxLVPzMnO4e5oOf1vr3tJIomL8E7d0lr6phTHd5nkPhFIzTD1idBLLEPeylL9g+rrTzRg==",
      "requires": {
        "react-is": "^16.3.2",
        "warning": "^3.0.0"
      }
    },
    "prr": {
      "version": "1.0.1",
      "resolved": "https://registry.npmjs.org/prr/-/prr-1.0.1.tgz",
      "integrity": "sha1-0/wRS6BplaRexok/SEzrHXj19HY="
    },
    "react-bootstrap": {
      "version": "0.32.4",
      "resolved": "https://registry.npmjs.org/react-bootstrap/-/react-bootstrap-0.32.4.tgz",
      "integrity": "sha512-xj+JfaPOvnvr3ow0aHC7Y3HaBKZNR1mm361hVxVzVX3fcdJNIrfiodbQ0m9nLBpNxiKG6FTU2lq/SbTDYT2vew==",
      "requires": {
        "@babel/runtime-corejs2": "^7.0.0",
        "classnames": "^2.2.5",
        "dom-helpers": "^3.2.0",
        "invariant": "^2.2.4",
        "keycode": "^2.2.0",
        "prop-types": "^15.6.1",
        "prop-types-extra": "^1.0.1",
        "react-overlays": "^0.8.0",
        "react-prop-types": "^0.4.0",
        "react-transition-group": "^2.0.0",
        "uncontrollable": "^5.0.0",
        "warning": "^3.0.0"
      }
    },
    "react-is": {
      "version": "16.6.0",
      "resolved": "https://registry.npmjs.org/react-is/-/react-is-16.6.0.tgz",
      "integrity": "sha512-q8U7k0Fi7oxF1HvQgyBjPwDXeMplEsArnKt2iYhuIF86+GBbgLHdAmokL3XUFjTd7Q363OSNG55FOGUdONVn1g=="
    },
    "react-lifecycles-compat": {
      "version": "3.0.4",
      "resolved": "https://registry.npmjs.org/react-lifecycles-compat/-/react-lifecycles-compat-3.0.4.tgz",
      "integrity": "sha512-fBASbA6LnOU9dOU2eW7aQ8xmYBSXUIWr+UmF9b1efZBazGNO+rcXT/icdKnYm2pTwcRylVUYwW7H1PHfLekVzA=="
    },
    "react-overlays": {
      "version": "0.8.3",
      "resolved": "https://registry.npmjs.org/react-overlays/-/react-overlays-0.8.3.tgz",
      "integrity": "sha512-h6GT3jgy90PgctleP39Yu3eK1v9vaJAW73GOA/UbN9dJ7aAN4BTZD6793eI1D5U+ukMk17qiqN/wl3diK1Z5LA==",
      "requires": {
        "classnames": "^2.2.5",
        "dom-helpers": "^3.2.1",
        "prop-types": "^15.5.10",
        "prop-types-extra": "^1.0.1",
        "react-transition-group": "^2.2.0",
        "warning": "^3.0.0"
      }
    },
    "react-prop-types": {
      "version": "0.4.0",
      "resolved": "https://registry.npmjs.org/react-prop-types/-/react-prop-types-0.4.0.tgz",
      "integrity": "sha1-+ZsL+0AGkpya8gUefBQUpcdbk9A=",
      "requires": {
        "warning": "^3.0.0"
      }
    },
    "react-transition-group": {
      "version": "2.5.0",
      "resolved": "https://registry.npmjs.org/react-transition-group/-/react-transition-group-2.5.0.tgz",
      "integrity": "sha512-qYB3JBF+9Y4sE4/Mg/9O6WFpdoYjeeYqx0AFb64PTazVy8RPMiE3A47CG9QmM4WJ/mzDiZYslV+Uly6O1Erlgw==",
      "requires": {
        "dom-helpers": "^3.3.1",
        "loose-envify": "^1.4.0",
        "prop-types": "^15.6.2",
        "react-lifecycles-compat": "^3.0.4"
      }
    },
    "readable-stream": {
      "version": "2.3.6",
      "resolved": "http://registry.npmjs.org/readable-stream/-/readable-stream-2.3.6.tgz",
      "integrity": "sha512-tQtKA9WIAhBF3+VLAseyMqZeBjW0AHJoxOtYqSUZNJxauErmLbVm2FW1y+J/YA9dUrAC39ITejlZWhVIwawkKw==",
      "requires": {
        "core-util-is": "~1.0.0",
        "inherits": "~2.0.3",
        "isarray": "~1.0.0",
        "process-nextick-args": "~2.0.0",
        "safe-buffer": "~5.1.1",
        "string_decoder": "~1.1.1",
        "util-deprecate": "~1.0.1"
      }
    },
    "redux": {
      "version": "4.0.1",
      "resolved": "https://registry.npmjs.org/redux/-/redux-4.0.1.tgz",
      "integrity": "sha512-R7bAtSkk7nY6O/OYMVR9RiBI+XghjF9rlbl5806HJbQph0LJVHZrU5oaO4q70eUKiqMRqm4y07KLTlMZ2BlVmg==",
      "requires": {
        "loose-envify": "^1.4.0",
        "symbol-observable": "^1.2.0"
      }
    },
    "redux-devtools-extension": {
      "version": "2.13.5",
      "resolved": "https://registry.npmjs.org/redux-devtools-extension/-/redux-devtools-extension-2.13.5.tgz",
      "integrity": "sha512-QQ9BRy77oURHMdGys9rfQcCQDzXZ1T4oW+eUyE5Cg7DNVau69HJzc4YNDMOmpi0Dzpi1zOQgQ2rUpgJta4Lfqg=="
    },
    "regenerator-runtime": {
      "version": "0.12.1",
      "resolved": "https://registry.npmjs.org/regenerator-runtime/-/regenerator-runtime-0.12.1.tgz",
      "integrity": "sha512-odxIc1/vDlo4iZcfXqRYFj0vpXFNoGdKMAUieAlFYO6m/nl5e9KR/beGf41z4a1FI+aQgtjhuaSlDxQ0hmkrHg=="
    },
    "require-from-string": {
      "version": "1.2.1",
      "resolved": "https://registry.npmjs.org/require-from-string/-/require-from-string-1.2.1.tgz",
      "integrity": "sha1-UpyczvJzgK3+yaL5ZbZJu+5jZBg="
    },
    "safe-buffer": {
      "version": "5.1.2",
      "resolved": "https://registry.npmjs.org/safe-buffer/-/safe-buffer-5.1.2.tgz",
      "integrity": "sha512-Gd2UZBJDkXlY7GbJxfsE8/nvKkUEU1G38c1siN6QP6a9PT9MmHB8GnpscSmMJSoF8LOIrt8ud/wPtojys4G6+g=="
    },
    "statuses": {
      "version": "1.3.1",
      "resolved": "https://registry.npmjs.org/statuses/-/statuses-1.3.1.tgz",
      "integrity": "sha1-+vUbnrdKrvOzrPStX2Gr8ky3uT4="
    },
    "string_decoder": {
      "version": "1.1.1",
      "resolved": "https://registry.npmjs.org/string_decoder/-/string_decoder-1.1.1.tgz",
      "integrity": "sha512-n/ShnvDi6FHbbVfviro+WojiFzv+s8MPMHBczVePfUpDJLwoLT0ht1l4YwBCbi8pJAveEEdnkHyPyTP/mzRfwg==",
      "requires": {
        "safe-buffer": "~5.1.0"
      }
    },
    "symbol-observable": {
      "version": "1.2.0",
      "resolved": "https://registry.npmjs.org/symbol-observable/-/symbol-observable-1.2.0.tgz",
      "integrity": "sha512-e900nM8RRtGhlV36KGEU9k65K3mPb1WV70OdjfxlG2EAuM1noi/E/BaW/uMhL7bPEssK8QV57vN3esixjUvcXQ=="
    },
    "uncontrollable": {
      "version": "5.1.0",
      "resolved": "https://registry.npmjs.org/uncontrollable/-/uncontrollable-5.1.0.tgz",
      "integrity": "sha512-5FXYaFANKaafg4IVZXUNtGyzsnYEvqlr9wQ3WpZxFpEUxl29A3H6Q4G1Dnnorvq9TGOGATBApWR4YpLAh+F5hw==",
      "requires": {
        "invariant": "^2.2.4"
      }
    },
    "unpipe": {
      "version": "1.0.0",
      "resolved": "https://registry.npmjs.org/unpipe/-/unpipe-1.0.0.tgz",
      "integrity": "sha1-sr9O6FFKrmFltIF4KdIbLvSZBOw="
    },
    "util-deprecate": {
      "version": "1.0.2",
      "resolved": "https://registry.npmjs.org/util-deprecate/-/util-deprecate-1.0.2.tgz",
      "integrity": "sha1-RQ1Nyfpw3nMnYvvS1KKJgUGaDM8="
    },
    "utils-merge": {
      "version": "1.0.1",
      "resolved": "https://registry.npmjs.org/utils-merge/-/utils-merge-1.0.1.tgz",
      "integrity": "sha1-n5VxD1CiZ5R7LMwSR0HBAoQn5xM="
    },
    "warning": {
      "version": "3.0.0",
      "resolved": "https://registry.npmjs.org/warning/-/warning-3.0.0.tgz",
      "integrity": "sha1-MuU3fLVy3kqwR1O9+IIcAe1gW3w=",
      "requires": {
        "loose-envify": "^1.0.0"
      }
    },
    "webpack-node-externals": {
      "version": "1.7.2",
      "resolved": "http://registry.npmjs.org/webpack-node-externals/-/webpack-node-externals-1.7.2.tgz",
      "integrity": "sha512-ajerHZ+BJKeCLviLUUmnyd5B4RavLF76uv3cs6KNuO8W+HuQaEs0y0L7o40NQxdPy5w0pcv8Ew7yPUAQG0UdCg=="
    }
  }
}
